// !$*UTF8*$!
{
	archiveVersion = 1;
	classes = {
	};
	objectVersion = 50;
	objects = {

/* Begin PBXBuildFile section */
		ADB2339826605A59001E9245 /* AppDelegate.swift in Sources */ = {isa = PBXBuildFile; fileRef = ADB2339726605A59001E9245 /* AppDelegate.swift */; };
		ADB2339A26605A59001E9245 /* SceneDelegate.swift in Sources */ = {isa = PBXBuildFile; fileRef = ADB2339926605A59001E9245 /* SceneDelegate.swift */; };
		ADB2339C26605A59001E9245 /* ViewController.swift in Sources */ = {isa = PBXBuildFile; fileRef = ADB2339B26605A59001E9245 /* ViewController.swift */; };
		ADB2339F26605A59001E9245 /* Main.storyboard in Resources */ = {isa = PBXBuildFile; fileRef = ADB2339D26605A59001E9245 /* Main.storyboard */; };
		ADB233A126605A5A001E9245 /* Assets.xcassets in Resources */ = {isa = PBXBuildFile; fileRef = ADB233A026605A5A001E9245 /* Assets.xcassets */; };
		ADB233A426605A5A001E9245 /* LaunchScreen.storyboard in Resources */ = {isa = PBXBuildFile; fileRef = ADB233A226605A5A001E9245 /* LaunchScreen.storyboard */; };
		ADB233CE26605ABD001E9245 /* bmw.jpg in Resources */ = {isa = PBXBuildFile; fileRef = ADB233CD26605ABD001E9245 /* bmw.jpg */; };
		ADB233D326605BD3001E9245 /* bmw-small.jpg in Resources */ = {isa = PBXBuildFile; fileRef = ADB233D226605BD3001E9245 /* bmw-small.jpg */; };
/* End PBXBuildFile section */

/* Begin PBXFileReference section */
		ADB2339426605A59001E9245 /* FilterTest.app */ = {isa = PBXFileReference; explicitFileType = wrapper.application; includeInIndex = 0; path = FilterTest.app; sourceTree = BUILT_PRODUCTS_DIR; };
		ADB2339726605A59001E9245 /* AppDelegate.swift */ = {isa = PBXFileReference; lastKnownFileType = sourcecode.swift; path = AppDelegate.swift; sourceTree = "<group>"; };
		ADB2339926605A59001E9245 /* SceneDelegate.swift */ = {isa = PBXFileReference; lastKnownFileType = sourcecode.swift; path = SceneDelegate.swift; sourceTree = "<group>"; };
		ADB2339B26605A59001E9245 /* ViewController.swift */ = {isa = PBXFileReference; lastKnownFileType = sourcecode.swift; path = ViewController.swift; sourceTree = "<group>"; };
		ADB2339E26605A59001E9245 /* Base */ = {isa = PBXFileReference; lastKnownFileType = file.storyboard; name = Base; path = Base.lproj/Main.storyboard; sourceTree = "<group>"; };
		ADB233A026605A5A001E9245 /* Assets.xcassets */ = {isa = PBXFileReference; lastKnownFileType = folder.assetcatalog; path = Assets.xcassets; sourceTree = "<group>"; };
		ADB233A326605A5A001E9245 /* Base */ = {isa = PBXFileReference; lastKnownFileType = file.storyboard; name = Base; path = Base.lproj/LaunchScreen.storyboard; sourceTree = "<group>"; };
		ADB233A526605A5A001E9245 /* Info.plist */ = {isa = PBXFileReference; lastKnownFileType = text.plist.xml; path = Info.plist; sourceTree = "<group>"; };
		ADB233AE26605A5B001E9245 /* FilterTestTests.swift */ = {isa = PBXFileReference; lastKnownFileType = sourcecode.swift; path = FilterTestTests.swift; sourceTree = "<group>"; };
		ADB233B026605A5B001E9245 /* Info.plist */ = {isa = PBXFileReference; lastKnownFileType = text.plist.xml; path = Info.plist; sourceTree = "<group>"; };
		ADB233B926605A5B001E9245 /* FilterTestUITests.swift */ = {isa = PBXFileReference; lastKnownFileType = sourcecode.swift; path = FilterTestUITests.swift; sourceTree = "<group>"; };
		ADB233BB26605A5B001E9245 /* Info.plist */ = {isa = PBXFileReference; lastKnownFileType = text.plist.xml; path = Info.plist; sourceTree = "<group>"; };
		ADB233CD26605ABD001E9245 /* bmw.jpg */ = {isa = PBXFileReference; lastKnownFileType = image.jpeg; path = bmw.jpg; sourceTree = "<group>"; };
		ADB233D226605BD3001E9245 /* bmw-small.jpg */ = {isa = PBXFileReference; lastKnownFileType = image.jpeg; path = "bmw-small.jpg"; sourceTree = "<group>"; };
/* End PBXFileReference section */

/* Begin PBXFrameworksBuildPhase section */
		ADB2339126605A59001E9245 /* Frameworks */ = {
			isa = PBXFrameworksBuildPhase;
			buildActionMask = 2147483647;
			files = (
			);
			runOnlyForDeploymentPostprocessing = 0;
		};
/* End PBXFrameworksBuildPhase section */

/* Begin PBXGroup section */
		ADB2338B26605A59001E9245 = {
			isa = PBXGroup;
			children = (
				ADB2339626605A59001E9245 /* FilterTest */,
				ADB233AD26605A5B001E9245 /* FilterTestTests */,
				ADB233B826605A5B001E9245 /* FilterTestUITests */,
				ADB2339526605A59001E9245 /* Products */,
			);
			sourceTree = "<group>";
		};
		ADB2339526605A59001E9245 /* Products */ = {
			isa = PBXGroup;
			children = (
				ADB2339426605A59001E9245 /* FilterTest.app */,
			);
			name = Products;
			sourceTree = "<group>";
		};
		ADB2339626605A59001E9245 /* FilterTest */ = {
			isa = PBXGroup;
			children = (
				ADB2339726605A59001E9245 /* AppDelegate.swift */,
				ADB2339926605A59001E9245 /* SceneDelegate.swift */,
				ADB2339B26605A59001E9245 /* ViewController.swift */,
				ADB2339D26605A59001E9245 /* Main.storyboard */,
				ADB233A026605A5A001E9245 /* Assets.xcassets */,
				ADB233A226605A5A001E9245 /* LaunchScreen.storyboard */,
				ADB233A526605A5A001E9245 /* Info.plist */,
				ADB233D226605BD3001E9245 /* bmw-small.jpg */,
				ADB233CD26605ABD001E9245 /* bmw.jpg */,
			);
			path = FilterTest;
			sourceTree = "<group>";
		};
		ADB233AD26605A5B001E9245 /* FilterTestTests */ = {
			isa = PBXGroup;
			children = (
				ADB233AE26605A5B001E9245 /* FilterTestTests.swift */,
				ADB233B026605A5B001E9245 /* Info.plist */,
			);
			path = FilterTestTests;
			sourceTree = "<group>";
		};
		ADB233B826605A5B001E9245 /* FilterTestUITests */ = {
			isa = PBXGroup;
			children = (
				ADB233B926605A5B001E9245 /* FilterTestUITests.swift */,
				ADB233BB26605A5B001E9245 /* Info.plist */,
			);
			path = FilterTestUITests;
			sourceTree = "<group>";
		};
/* End PBXGroup section */

/* Begin PBXNativeTarget section */
		ADB2339326605A59001E9245 /* FilterTest */ = {
			isa = PBXNativeTarget;
			buildConfigurationList = ADB233BE26605A5B001E9245 /* Build configuration list for PBXNativeTarget "FilterTest" */;
			buildPhases = (
				ADB2339026605A59001E9245 /* Sources */,
				ADB2339126605A59001E9245 /* Frameworks */,
				ADB2339226605A59001E9245 /* Resources */,
			);
			buildRules = (
			);
			dependencies = (
			);
			name = FilterTest;
			productName = FilterTest;
			productReference = ADB2339426605A59001E9245 /* FilterTest.app */;
			productType = "com.apple.product-type.application";
		};
/* End PBXNativeTarget section */

/* Begin PBXProject section */
		ADB2338C26605A59001E9245 /* Project object */ = {
			isa = PBXProject;
			attributes = {
				LastSwiftUpdateCheck = 1240;
				LastUpgradeCheck = 1240;
				TargetAttributes = {
					ADB2339326605A59001E9245 = {
						CreatedOnToolsVersion = 12.4;
					};
				};
			};
			buildConfigurationList = ADB2338F26605A59001E9245 /* Build configuration list for PBXProject "FilterTest" */;
			compatibilityVersion = "Xcode 9.3";
			developmentRegion = en;
			hasScannedForEncodings = 0;
			knownRegions = (
				en,
				Base,
			);
			mainGroup = ADB2338B26605A59001E9245;
			productRefGroup = ADB2339526605A59001E9245 /* Products */;
			projectDirPath = "";
			projectRoot = "";
			targets = (
				ADB2339326605A59001E9245 /* FilterTest */,
			);
		};
/* End PBXProject section */

/* Begin PBXResourcesBuildPhase section */
		ADB2339226605A59001E9245 /* Resources */ = {
			isa = PBXResourcesBuildPhase;
			buildActionMask = 2147483647;
			files = (
				ADB233CE26605ABD001E9245 /* bmw.jpg in Resources */,
				ADB233A426605A5A001E9245 /* LaunchScreen.storyboard in Resources */,
				ADB233D326605BD3001E9245 /* bmw-small.jpg in Resources */,
				ADB233A126605A5A001E9245 /* Assets.xcassets in Resources */,
				ADB2339F26605A59001E9245 /* Main.storyboard in Resources */,
			);
			runOnlyForDeploymentPostprocessing = 0;
		};
/* End PBXResourcesBuildPhase section */

/* Begin PBXSourcesBuildPhase section */
		ADB2339026605A59001E9245 /* Sources */ = {
			isa = PBXSourcesBuildPhase;
			buildActionMask = 2147483647;
			files = (
				ADB2339C26605A59001E9245 /* ViewController.swift in Sources */,
				ADB2339826605A59001E9245 /* AppDelegate.swift in Sources */,
				ADB2339A26605A59001E9245 /* SceneDelegate.swift in Sources */,
			);
			runOnlyForDeploymentPostprocessing = 0;
		};
/* End PBXSourcesBuildPhase section */

/* Begin PBXVariantGroup section */
		ADB2339D26605A59001E9245 /* Main.storyboard */ = {
			isa = PBXVariantGroup;
			children = (
				ADB2339E26605A59001E9245 /* Base */,
			);
			name = Main.storyboard;
			sourceTree = "<group>";
		};
		ADB233A226605A5A001E9245 /* LaunchScreen.storyboard */ = {
			isa = PBXVariantGroup;
			children = (
				ADB233A326605A5A001E9245 /* Base */,
			);
			name = LaunchScreen.storyboard;
			sourceTree = "<group>";
		};
/* End PBXVariantGroup section */

/* Begin XCBuildConfiguration section */
		ADB233BC26605A5B001E9245 /* Debug */ = {
			isa = XCBuildConfiguration;
			buildSettings = {
				ALWAYS_SEARCH_USER_PATHS = NO;
				CLANG_ANALYZER_NONNULL = YES;
				CLANG_ANALYZER_NUMBER_OBJECT_CONVERSION = YES_AGGRESSIVE;
				CLANG_CXX_LANGUAGE_STANDARD = "gnu++14";
				CLANG_CXX_LIBRARY = "libc++";
				CLANG_ENABLE_MODULES = YES;
				CLANG_ENABLE_OBJC_ARC = YES;
				CLANG_ENABLE_OBJC_WEAK = YES;
				CLANG_WARN_BLOCK_CAPTURE_AUTORELEASING = YES;
				CLANG_WARN_BOOL_CONVERSION = YES;
				CLANG_WARN_COMMA = YES;
				CLANG_WARN_CONSTANT_CONVERSION = YES;
				CLANG_WARN_DEPRECATED_OBJC_IMPLEMENTATIONS = YES;
				CLANG_WARN_DIRECT_OBJC_ISA_USAGE = YES_ERROR;
				CLANG_WARN_DOCUMENTATION_COMMENTS = YES;
				CLANG_WARN_EMPTY_BODY = YES;
				CLANG_WARN_ENUM_CONVERSION = YES;
				CLANG_WARN_INFINITE_RECURSION = YES;
				CLANG_WARN_INT_CONVERSION = YES;
				CLANG_WARN_NON_LITERAL_NULL_CONVERSION = YES;
				CLANG_WARN_OBJC_IMPLICIT_RETAIN_SELF = YES;
				CLANG_WARN_OBJC_LITERAL_CONVERSION = YES;
				CLANG_WARN_OBJC_ROOT_CLASS = YES_ERROR;
				CLANG_WARN_QUOTED_INCLUDE_IN_FRAMEWORK_HEADER = YES;
				CLANG_WARN_RANGE_LOOP_ANALYSIS = YES;
				CLANG_WARN_STRICT_PROTOTYPES = YES;
				CLANG_WARN_SUSPICIOUS_MOVE = YES;
				CLANG_WARN_UNGUARDED_AVAILABILITY = YES_AGGRESSIVE;
				CLANG_WARN_UNREACHABLE_CODE = YES;
				CLANG_WARN__DUPLICATE_METHOD_MATCH = YES;
				COPY_PHASE_STRIP = NO;
				DEBUG_INFORMATION_FORMAT = dwarf;
				ENABLE_STRICT_OBJC_MSGSEND = YES;
				ENABLE_TESTABILITY = YES;
				GCC_C_LANGUAGE_STANDARD = gnu11;
				GCC_DYNAMIC_NO_PIC = NO;
				GCC_NO_COMMON_BLOCKS = YES;
				GCC_OPTIMIZATION_LEVEL = 0;
				GCC_PREPROCESSOR_DEFINITIONS = (
					"DEBUG=1",
					"$(inherited)",
				);
				GCC_WARN_64_TO_32_BIT_CONVERSION = YES;
				GCC_WARN_ABOUT_RETURN_TYPE = YES_ERROR;
				GCC_WARN_UNDECLARED_SELECTOR = YES;
				GCC_WARN_UNINITIALIZED_AUTOS = YES_AGGRESSIVE;
				GCC_WARN_UNUSED_FUNCTION = YES;
				GCC_WARN_UNUSED_VARIABLE = YES;
				IPHONEOS_DEPLOYMENT_TARGET = 14.4;
				MTL_ENABLE_DEBUG_INFO = INCLUDE_SOURCE;
				MTL_FAST_MATH = YES;
				ONLY_ACTIVE_ARCH = YES;
				SDKROOT = iphoneos;
				SWIFT_ACTIVE_COMPILATION_CONDITIONS = DEBUG;
				SWIFT_OPTIMIZATION_LEVEL = "-Onone";
			};
			name = Debug;
		};
		ADB233BD26605A5B001E9245 /* Release */ = {
			isa = XCBuildConfiguration;
			buildSettings = {
				ALWAYS_SEARCH_USER_PATHS = NO;
				CLANG_ANALYZER_NONNULL = YES;
				CLANG_ANALYZER_NUMBER_OBJECT_CONVERSION = YES_AGGRESSIVE;
				CLANG_CXX_LANGUAGE_STANDARD = "gnu++14";
				CLANG_CXX_LIBRARY = "libc++";
				CLANG_ENABLE_MODULES = YES;
				CLANG_ENABLE_OBJC_ARC = YES;
				CLANG_ENABLE_OBJC_WEAK = YES;
				CLANG_WARN_BLOCK_CAPTURE_AUTORELEASING = YES;
				CLANG_WARN_BOOL_CONVERSION = YES;
				CLANG_WARN_COMMA = YES;
				CLANG_WARN_CONSTANT_CONVERSION = YES;
				CLANG_WARN_DEPRECATED_OBJC_IMPLEMENTATIONS = YES;
				CLANG_WARN_DIRECT_OBJC_ISA_USAGE = YES_ERROR;
				CLANG_WARN_DOCUMENTATION_COMMENTS = YES;
				CLANG_WARN_EMPTY_BODY = YES;
				CLANG_WARN_ENUM_CONVERSION = YES;
				CLANG_WARN_INFINITE_RECURSION = YES;
				CLANG_WARN_INT_CONVERSION = YES;
				CLANG_WARN_NON_LITERAL_NULL_CONVERSION = YES;
				CLANG_WARN_OBJC_IMPLICIT_RETAIN_SELF = YES;
				CLANG_WARN_OBJC_LITERAL_CONVERSION = YES;
				CLANG_WARN_OBJC_ROOT_CLASS = YES_ERROR;
				CLANG_WARN_QUOTED_INCLUDE_IN_FRAMEWORK_HEADER = YES;
				CLANG_WARN_RANGE_LOOP_ANALYSIS = YES;
				CLANG_WARN_STRICT_PROTOTYPES = YES;
				CLANG_WARN_SUSPICIOUS_MOVE = YES;
				CLANG_WARN_UNGUARDED_AVAILABILITY = YES_AGGRESSIVE;
				CLANG_WARN_UNREACHABLE_CODE = YES;
				CLANG_WARN__DUPLICATE_METHOD_MATCH = YES;
				COPY_PHASE_STRIP = NO;
				DEBUG_INFORMATION_FORMAT = "dwarf-with-dsym";
				ENABLE_NS_ASSERTIONS = NO;
				ENABLE_STRICT_OBJC_MSGSEND = YES;
				GCC_C_LANGUAGE_STANDARD = gnu11;
				GCC_NO_COMMON_BLOCKS = YES;
				GCC_WARN_64_TO_32_BIT_CONVERSION = YES;
				GCC_WARN_ABOUT_RETURN_TYPE = YES_ERROR;
				GCC_WARN_UNDECLARED_SELECTOR = YES;
				GCC_WARN_UNINITIALIZED_AUTOS = YES_AGGRESSIVE;
				GCC_WARN_UNUSED_FUNCTION = YES;
				GCC_WARN_UNUSED_VARIABLE = YES;
				IPHONEOS_DEPLOYMENT_TARGET = 14.4;
				MTL_ENABLE_DEBUG_INFO = NO;
				MTL_FAST_MATH = YES;
				SDKROOT = iphoneos;
				SWIFT_COMPILATION_MODE = wholemodule;
				SWIFT_OPTIMIZATION_LEVEL = "-O";
				VALIDATE_PRODUCT = YES;
			};
			name = Release;
		};
		ADB233BF26605A5B001E9245 /* Debug */ = {
			isa = XCBuildConfiguration;
			buildSettings = {
				ASSETCATALOG_COMPILER_APPICON_NAME = AppIcon;
				ASSETCATALOG_COMPILER_GLOBAL_ACCENT_COLOR_NAME = AccentColor;
				CODE_SIGN_STYLE = Automatic;
				DEVELOPMENT_TEAM = 435QPH63RE;
				INFOPLIST_FILE = FilterTest/Info.plist;
				IPHONEOS_DEPLOYMENT_TARGET = 13.0;
				LD_RUNPATH_SEARCH_PATHS = (
					"$(inherited)",
					"@executable_path/Frameworks",
				);
				PRODUCT_BUNDLE_IDENTIFIER = net.ricsantos.FilterTest;
				PRODUCT_NAME = "$(TARGET_NAME)";
				SWIFT_VERSION = 5.0;
				TARGETED_DEVICE_FAMILY = "1,2";
			};
			name = Debug;
		};
		ADB233C026605A5B001E9245 /* Release */ = {
			isa = XCBuildConfiguration;
			buildSettings = {
				ASSETCATALOG_COMPILER_APPICON_NAME = AppIcon;
				ASSETCATALOG_COMPILER_GLOBAL_ACCENT_COLOR_NAME = AccentColor;
				CODE_SIGN_STYLE = Automatic;
				DEVELOPMENT_TEAM = 435QPH63RE;
				INFOPLIST_FILE = FilterTest/Info.plist;
				IPHONEOS_DEPLOYMENT_TARGET = 13.0;
				LD_RUNPATH_SEARCH_PATHS = (
					"$(inherited)",
					"@executable_path/Frameworks",
				);
				PRODUCT_BUNDLE_IDENTIFIER = net.ricsantos.FilterTest;
				PRODUCT_NAME = "$(TARGET_NAME)";
				SWIFT_VERSION = 5.0;
				TARGETED_DEVICE_FAMILY = "1,2";
			};
			name = Release;
		};
/* End XCBuildConfiguration section */

/* Begin XCConfigurationList section */
		ADB2338F26605A59001E9245 /* Build configuration list for PBXProject "FilterTest" */ = {
			isa = XCConfigurationList;
			buildConfigurations = (
				ADB233BC26605A5B001E9245 /* Debug */,
				ADB233BD26605A5B001E9245 /* Release */,
			);
			defaultConfigurationIsVisible = 0;
			defaultConfigurationName = Release;
		};
		ADB233BE26605A5B001E9245 /* Build configuration list for PBXNativeTarget "FilterTest" */ = {
			isa = XCConfigurationList;
			buildConfigurations = (
				ADB233BF26605A5B001E9245 /* Debug */,
				ADB233C026605A5B001E9245 /* Release */,
			);
			defaultConfigurationIsVisible = 0;
			defaultConfigurationName = Release;
		};
/* End XCConfigurationList section */
	};
	rootObject = ADB2338C26605A59001E9245 /* Project object */;
}
